
Microsoft Visual Studio Solution File, Format Version 12.00
# Visual Studio Version 17
VisualStudioVersion = 17.0.32126.317
MinimumVisualStudioVersion = 10.0.40219.1
Project("{8BC9CEB8-8B4A-11D0-8D11-00A0C91BC942}") = "NoPVAonBedSlicerScript", "NoPVAonBedSlicerScript\NoPVAonBedSlicerScript.vcxproj", "{F69EC4C7-B04F-419A-812B-0044A7A99536}"
EndProject
Global
	GlobalSection(SolutionConfigurationPlatforms) = preSolution
		Debug|x64 = Debug|x64
		Debug|x86 = Debug|x86
		Release|x64 = Release|x64
		Release|x86 = Release|x86
	EndGlobalSection
	GlobalSection(ProjectConfigurationPlatforms) = postSolution
		{F69EC4C7-B04F-419A-812B-0044A7A99536}.Debug|x64.ActiveCfg = Debug|x64
		{F69EC4C7-B04F-419A-812B-0044A7A99536}.Debug|x64.Build.0 = Debug|x64
		{F69EC4C7-B04F-419A-812B-0044A7A99536}.Debug|x86.ActiveCfg = Debug|Win32
		{F69EC4C7-B04F-419A-812B-0044A7A99536}.Debug|x86.Build.0 = Debug|Win32
		{F69EC4C7-B04F-419A-812B-0044A7A99536}.Release|x64.ActiveCfg = Release|x64
		{F69EC4C7-B04F-419A-812B-0044A7A99536}.Release|x64.Build.0 = Release|x64
		{F69EC4C7-B04F-419A-812B-0044A7A99536}.Release|x86.ActiveCfg = Release|Win32
		{F69EC4C7-B04F-419A-812B-0044A7A99536}.Release|x86.Build.0 = Release|Win32
	EndGlobalSection
	GlobalSection(SolutionProperties) = preSolution
		HideSolutionNode = FALSE
	EndGlobalSection
	GlobalSection(ExtensibilityGlobals) = postSolution
		SolutionGuid = {D173670B-C1EE-4317-9AC5-B3ADD6E697F6}
	EndGlobalSection
EndGlobal
